
Microsoft Visual Studio Solution File, Format Version 12.00
# Visual Studio Version 17
VisualStudioVersion = 17.9.34723.18
MinimumVisualStudioVersion = 10.0.40219.1
Project("{FAE04EC0-301F-11D3-BF4B-00C04F79EFBC}") = "len 3 Actividad 2", "len 3 Actividad 2.csproj", "{F4442CF9-815A-4102-B3AF-431995B7BBEF}"
EndProject
Global
	GlobalSection(SolutionConfigurationPlatforms) = preSolution
		Debug|Any CPU = Debug|Any CPU
		Release|Any CPU = Release|Any CPU
	EndGlobalSection
	GlobalSection(ProjectConfigurationPlatforms) = postSolution
		{F4442CF9-815A-4102-B3AF-431995B7BBEF}.Debug|Any CPU.ActiveCfg = Debug|Any CPU
		{F4442CF9-815A-4102-B3AF-431995B7BBEF}.Debug|Any CPU.Build.0 = Debug|Any CPU
		{F4442CF9-815A-4102-B3AF-431995B7BBEF}.Release|Any CPU.ActiveCfg = Release|Any CPU
		{F4442CF9-815A-4102-B3AF-431995B7BBEF}.Release|Any CPU.Build.0 = Release|Any CPU
	EndGlobalSection
	GlobalSection(SolutionProperties) = preSolution
		HideSolutionNode = FALSE
	EndGlobalSection
	GlobalSection(ExtensibilityGlobals) = postSolution
		SolutionGuid = {D340EE2C-D2E4-4360-B20E-74E233A15B87}
	EndGlobalSection
EndGlobal
